<?xml version="1.0" encoding="utf-8"?>
<Project ToolsVersion="4.0" xmlns="http://schemas.microsoft.com/developer/msbuild/2003">
  <ItemGroup>
    <Filter Include="Header">
      <UniqueIdentifier>{42f2db8a-ee70-4daf-962a-c0c667845dd8}</UniqueIdentifier>
    </Filter>
    <Filter Include="Source">
      <UniqueIdentifier>{20fbe449-f5c0-46b0-86ad-bf3145ba6c2b}</UniqueIdentifier>
    </Filter>
    <Filter Include="Header\Math">
      <UniqueIdentifier>{ad214068-2897-48dd-a57f-8bc202aa61b8}</UniqueIdentifier>
    </Filter>
    <Filter Include="Source\Math">
      <UniqueIdentifier>{6251086c-a8f0-450e-a9f9-bdca871ae376}</UniqueIdentifier>
    </Filter>
    <Filter Include="Header\Window">
      <UniqueIdentifier>{7d6f69f8-a7c5-4033-a66d-be3c96e775e5}</UniqueIdentifier>
    </Filter>
    <Filter Include="Source\Window">
      <UniqueIdentifier>{63254316-cacb-4791-9fdf-fbdfff276e41}</UniqueIdentifier>
    </Filter>
    <Filter Include="Header\Input">
      <UniqueIdentifier>{74e1c206-45a3-43eb-ad16-7b608fcbf5b5}</UniqueIdentifier>
    </Filter>
    <Filter Include="Source\Input">
      <UniqueIdentifier>{84f69caa-6727-42d9-9077-10e90a56da5a}</UniqueIdentifier>
    </Filter>
    <Filter Include="Header\Application">
      <UniqueIdentifier>{fa66c1e8-ebca-46b8-b259-31c0be062c7b}</UniqueIdentifier>
    </Filter>
    <Filter Include="Source\Application">
      <UniqueIdentifier>{d4bb037d-379d-46ad-90b8-a6b6dfd14b45}</UniqueIdentifier>
    </Filter>
  </ItemGroup>
  <ItemGroup>
    <ClInclude Include="Header\Math\Easing.h">
      <Filter>Header\Math</Filter>
    </ClInclude>
    <ClInclude Include="Header\Math\GatesMath.h">
      <Filter>Header\Math</Filter>
    </ClInclude>
    <ClInclude Include="Header\Math\Matrix.h">
      <Filter>Header\Math</Filter>
    </ClInclude>
    <ClInclude Include="Header\Math\Quaternion.h">
      <Filter>Header\Math</Filter>
    </ClInclude>
    <ClInclude Include="Header\Math\Vector2.h">
      <Filter>Header\Math</Filter>
    </ClInclude>
    <ClInclude Include="Header\Math\Vector3.h">
      <Filter>Header\Math</Filter>
    </ClInclude>
    <ClInclude Include="Header\Math\Vector4.h">
      <Filter>Header\Math</Filter>
    </ClInclude>
    <ClInclude Include="Header\Window\Window.h">
      <Filter>Header\Window</Filter>
    </ClInclude>
    <ClInclude Include="Header\Input\Input.h">
      <Filter>Header\Input</Filter>
    </ClInclude>
    <ClInclude Include="Header\Input\Keyboard.h">
      <Filter>Header\Input</Filter>
    </ClInclude>
    <ClInclude Include="Header\Input\Keys.h">
      <Filter>Header\Input</Filter>
    </ClInclude>
    <ClInclude Include="Header\Input\Mouse.h">
      <Filter>Header\Input</Filter>
    </ClInclude>
    <ClInclude Include="Header\Input\MouseButtons.h">
      <Filter>Header\Input</Filter>
    </ClInclude>
    <ClInclude Include="Header\Application\Application.h">
      <Filter>Header\Application</Filter>
    </ClInclude>
  </ItemGroup>
  <ItemGroup>
    <ClCompile Include="Source\Math\Easing.cpp">
      <Filter>Source\Math</Filter>
    </ClCompile>
    <ClCompile Include="Source\Math\Matrix.cpp">
      <Filter>Source\Math</Filter>
    </ClCompile>
    <ClCompile Include="Source\Math\Quaternion.cpp">
      <Filter>Source\Math</Filter>
    </ClCompile>
    <ClCompile Include="Source\Math\Vector2.cpp">
      <Filter>Source\Math</Filter>
    </ClCompile>
    <ClCompile Include="Source\Math\Vector3.cpp">
      <Filter>Source\Math</Filter>
    </ClCompile>
    <ClCompile Include="Source\Math\Vector4.cpp">
      <Filter>Source\Math</Filter>
    </ClCompile>
    <ClCompile Include="Source\Window\Window.cpp">
      <Filter>Source\Window</Filter>
    </ClCompile>
    <ClCompile Include="Source\Input\Keyboard.cpp">
      <Filter>Source\Input</Filter>
    </ClCompile>
    <ClCompile Include="Source\Input\Input.cpp">
      <Filter>Source\Input</Filter>
    </ClCompile>
    <ClCompile Include="Source\Input\Mouse.cpp">
      <Filter>Source\Input</Filter>
    </ClCompile>
    <ClCompile Include="Source\Application\Application.cpp">
      <Filter>Source\Application</Filter>
    </ClCompile>
  </ItemGroup>
</Project>